
Microsoft Visual Studio Solution File, Format Version 12.00
# Visual Studio Version 17
VisualStudioVersion = 17.3.32901.215
MinimumVisualStudioVersion = 10.0.40219.1
Project("{9A19103F-16F7-4668-BE54-9A1E7A4F7556}") = "chat", "chat.webapi\chat.csproj", "{FAA752DC-0184-4897-8BBE-12140F2EAC36}"
EndProject
Global
	GlobalSection(SolutionConfigurationPlatforms) = preSolution
		Debug|Any CPU = Debug|Any CPU
		Release|Any CPU = Release|Any CPU
	EndGlobalSection
	GlobalSection(ProjectConfigurationPlatforms) = postSolution
		{FAA752DC-0184-4897-8BBE-12140F2EAC36}.Debug|Any CPU.ActiveCfg = Debug|Any CPU
		{FAA752DC-0184-4897-8BBE-12140F2EAC36}.Debug|Any CPU.Build.0 = Debug|Any CPU
		{FAA752DC-0184-4897-8BBE-12140F2EAC36}.Release|Any CPU.ActiveCfg = Release|Any CPU
		{FAA752DC-0184-4897-8BBE-12140F2EAC36}.Release|Any CPU.Build.0 = Release|Any CPU
	EndGlobalSection
	GlobalSection(SolutionProperties) = preSolution
		HideSolutionNode = FALSE
	EndGlobalSection
	GlobalSection(ExtensibilityGlobals) = postSolution
		SolutionGuid = {8D8B93EA-9116-4EB1-A65C-A80DAFF960CD}
	EndGlobalSection
EndGlobal
